
Microsoft Visual Studio Solution File, Format Version 12.00
# Visual Studio Version 17
VisualStudioVersion = 17.4.33205.214
MinimumVisualStudioVersion = 10.0.40219.1
Project("{FAE04EC0-301F-11D3-BF4B-00C04F79EFBC}") = "BlazorTesting.Server", "BlazorTesting\Server\BlazorTesting.Server.csproj", "{DC5868EC-A74D-4943-A37D-DF73C26163DF}"
EndProject
Project("{FAE04EC0-301F-11D3-BF4B-00C04F79EFBC}") = "BlazorTesting.Client", "BlazorTesting\Client\BlazorTesting.Client.csproj", "{832A632C-3B0F-479B-9197-84D6B2C10961}"
EndProject
Project("{FAE04EC0-301F-11D3-BF4B-00C04F79EFBC}") = "BlazorTesting.Shared", "BlazorTesting\Shared\BlazorTesting.Shared.csproj", "{F6E9D12C-A368-4D69-934D-7DE2FBE5633E}"
EndProject
Global
	GlobalSection(SolutionConfigurationPlatforms) = preSolution
		Debug|Any CPU = Debug|Any CPU
		Release|Any CPU = Release|Any CPU
	EndGlobalSection
	GlobalSection(ProjectConfigurationPlatforms) = postSolution
		{DC5868EC-A74D-4943-A37D-DF73C26163DF}.Debug|Any CPU.ActiveCfg = Debug|Any CPU
		{DC5868EC-A74D-4943-A37D-DF73C26163DF}.Debug|Any CPU.Build.0 = Debug|Any CPU
		{DC5868EC-A74D-4943-A37D-DF73C26163DF}.Release|Any CPU.ActiveCfg = Release|Any CPU
		{DC5868EC-A74D-4943-A37D-DF73C26163DF}.Release|Any CPU.Build.0 = Release|Any CPU
		{832A632C-3B0F-479B-9197-84D6B2C10961}.Debug|Any CPU.ActiveCfg = Debug|Any CPU
		{832A632C-3B0F-479B-9197-84D6B2C10961}.Debug|Any CPU.Build.0 = Debug|Any CPU
		{832A632C-3B0F-479B-9197-84D6B2C10961}.Release|Any CPU.ActiveCfg = Release|Any CPU
		{832A632C-3B0F-479B-9197-84D6B2C10961}.Release|Any CPU.Build.0 = Release|Any CPU
		{F6E9D12C-A368-4D69-934D-7DE2FBE5633E}.Debug|Any CPU.ActiveCfg = Debug|Any CPU
		{F6E9D12C-A368-4D69-934D-7DE2FBE5633E}.Debug|Any CPU.Build.0 = Debug|Any CPU
		{F6E9D12C-A368-4D69-934D-7DE2FBE5633E}.Release|Any CPU.ActiveCfg = Release|Any CPU
		{F6E9D12C-A368-4D69-934D-7DE2FBE5633E}.Release|Any CPU.Build.0 = Release|Any CPU
	EndGlobalSection
	GlobalSection(SolutionProperties) = preSolution
		HideSolutionNode = FALSE
	EndGlobalSection
	GlobalSection(ExtensibilityGlobals) = postSolution
		SolutionGuid = {6BA55E7C-E387-41A3-B7FF-28CB8F53E072}
	EndGlobalSection
EndGlobal
